github.com/davecgh/go-spew v1.1.0/go.mod h1:J7Y8YcW2NihsgmVo/mv3lAwl/skON4iLHjSsI+c5H38=
github.com/davecgh/go-spew v1.1.1 h1:vj9j/u1bqnvCEfJOwUhtlOARqs3+rkHYY13jYWTU97c=
github.com/davecgh/go-spew v1.1.1/go.mod h1:J7Y8YcW2NihsgmVo/mv3lAwl/skON4iLHjSsI+c5H38=
github.com/deweppro/go-algorithms v1.2.0 h1:fBS+GNQaeSDSmvFWdmkKLcKXo2DhX5M0AJaCxEqGedY=
github.com/deweppro/go-algorithms v1.2.0/go.mod h1:zYdfRdlpaXgdT36OgvdjH1qtTZFWEeBi3KUQmWltMPI=
github.com/deweppro/go-app v1.5.4 h1:Dqg6fk4lGP2z2NtlhmT5qdDpGuYwzvRMzsEpVgvnh68=
github.com/deweppro/go-app v1.5.4/go.mod h1:rZ95OfFGvRnm5ndIJI+DOtoOuVrgy3NeQ2vwmbmi0Tk=
github.com/deweppro/go-chan-pool v1.1.2 h1:mm+gvwAFB5NijCiJDSx9RqrB2AWTembzL9Rf6XTv4BI=
github.com/deweppro/go-chan-pool v1.1.2/go.mod h1:6meJsORhraeyvJNPy4hx8xgBNjp2xx3KGB/d5Q5a/I4=
github.com/deweppro/go-errors v0.0.4 h1:TW91LRqHAkUauDJ5lzz73LziANH7mjli1tyvtwzXRCM=
github.com/deweppro/go-errors v0.0.4/go.mod h1:BLsNcxaHh1fjNl/o1TB69JwA8XueSk/Nszkvw4ZwI/I=
github.com/deweppro/go-http v1.4.3 h1:bm4PY+SBoZ9KISdtrAx8rV/hKn6t+ggt5P12+hqlE3o=
github.com/deweppro/go-http v1.4.3/go.mod h1:zta7HINyRd9nmSRtqxw6APOTXwDPBI42G9iZQwqtQVU=
github.com/deweppro/go-logger v1.3.0 h1:KN6RQmb6IoNBxQ7zx7Y1AtptHeL//FRgvQyEF5PrcsE=
github.com/deweppro/go-logger v1.3.0/go.mod h1:jxBBLyHmIvJ4erGUj5qeE6ir36ztyAL1pI+9GymOHVI=
github.com/deweppro/go-orm v1.1.0 h1:CmW1OU+W6mn0Nk1MdoMf6PWxP12nIK/sXImboIwindw=
github.com/deweppro/go-orm v1.1.0/go.mod h1:JEbxJLmXMjSOtlwhuJmrJKZRLhcJcexRvGZ6hgautaw=
github.com/deweppro/go-static v1.1.1 h1:FMKScbEj/GWEqmjiOuBFTHph15kui79RQwyT9QxZjVE=
github.com/deweppro/go-static v1.1.1/go.mod h1:xE+EEQL4vtpACZ+IkgfQvx6hbGsXnNeEodrPwN22s1c=
github.com/google/go-cmp v0.6.0 h1:ofyhxvXcZhMsU5ulbFiLKl/XBFqE1GSq7atu8tAmTRI=
github.com/google/go-cmp v0.6.0/go.mod h1:17dUlkBOakJ0+DkrSSNjCkIjxS6bF9zb3elmeNGIjoY=
github.com/josharian/intern v1.0.0 h1:vlS4z54oSdjm0bgjRigI+G1HpF+tI+9rE5LLzOg8HmY=
github.com/josharian/intern v1.0.0/go.mod h1:5DoeVV0s6jJacbCEi61lwdGj/aVlrQvzHFFd8Hwg//Y=
github.com/mailru/easyjson v0.7.7 h1:UGYAvKxe3sBsEDzO8ZeWOSlIQfWFlxbzLZe7hwFURr0=
github.com/mailru/easyjson v0.7.7/go.mod h1:xzfreul335JAWq5oZzymOObrkdz5UnU4kGfJJLY9Nlc=
github.com/mattn/go-sqlite3 v1.14.13 h1:1tj15ngiFfcZzii7yd82foL+ks+ouQcj8j/TPq3fk1I=
github.com/mattn/go-sqlite3 v1.14.13/go.mod h1:NyWgC/yNuGj7Q9rpYnZvas74GogHl5/Z4A/KQRfk6bU=
github.com/miekg/dns v1.1.64 h1:wuZgD9wwCE6XMT05UU/mlSko71eRSXEAm2EbjQXLKnQ=
github.com/miekg/dns v1.1.64/go.mod h1:Dzw9769uoKVaLuODMDZz9M6ynFU6Em65csPuoi8G0ck=
github.com/pmezard/go-difflib v1.0.0 h1:4DBwDE0NGyQoBHbLQYPwSUPoCMWR5BEzIk/f1lZbAQM=
github.com/pmezard/go-difflib v1.0.0/go.mod h1:iKH77koFhYxTK1pcRnkKkqfTogsbg7gZNVY4sRDYZ/4=
github.com/stretchr/objx v0.1.0/go.mod h1:HFkY916IF+rwdDfMAkV7OtwuqBVzrE8GR6GFx+wExME=
github.com/stretchr/testify v1.7.1 h1:5TQK59W5E3v0r2duFAb7P95B6hEeOyEnHRa8MjYSMTY=
github.com/stretchr/testify v1.7.1/go.mod h1:6Fq8oRcR53rry900zMqJjRRixrwX3KX962/h/Wwjteg=
golang.org/x/mod v0.23.0 h1:Zb7khfcRGKk+kqfxFaP5tZqCnDZMjC5VtUBs87Hr6QM=
golang.org/x/mod v0.23.0/go.mod h1:6SkKJ3Xj0I0BrPOZoBy3bdMptDDU9oJrpohJ3eWZ1fY=
golang.org/x/net v0.35.0 h1:T5GQRQb2y08kTAByq9L4/bz8cipCdA8FbRTXewonqY8=
golang.org/x/net v0.35.0/go.mod h1:EglIi67kWsHKlRzzVMUD93VMSWGFOMSZgxFjparz1Qk=
golang.org/x/sync v0.11.0 h1:GGz8+XQP4FvTTrjZPzNKTMFtSXH80RAzG+5ghFPgK9w=
golang.org/x/sync v0.11.0/go.mod h1:Czt+wKu1gCyEFDUtn0jG5QVvpJ6rzVqr5aXyt9drQfk=
golang.org/x/sys v0.30.0 h1:QjkSwP/36a20jFYWkSue1YwXzLmsV5Gfq7Eiy72C1uc=
golang.org/x/sys v0.30.0/go.mod h1:/VUhepiaJMQUp4+oa/7Zr1D23ma6VTLIYjOOTFZPUcA=
golang.org/x/tools v0.30.0 h1:BgcpHewrV5AUp2G9MebG4XPFI1E2W41zU1SaqVA9vJY=
golang.org/x/tools v0.30.0/go.mod h1:c347cR/OJfw5TI+GfX7RUPNMdDRRbjvYTS0jPyvsVtY=
gopkg.in/check.v1 v0.0.0-20161208181325-20d25e280405 h1:yhCVgyC4o1eVCa2tZl7eS0r+SDo693bJlVdllGtEeKM=
gopkg.in/check.v1 v0.0.0-20161208181325-20d25e280405/go.mod h1:Co6ibVJAznAaIkqp8huTwlJQCZ016jof/cbN4VW5Yz0=
gopkg.in/yaml.v3 v3.0.0-20200313102051-9f266ea9e77c/go.mod h1:K4uyk7z7BCEPqu6E+C64Yfv1cQ7kz7rIZviUmN+EgEM=
gopkg.in/yaml.v3 v3.0.1 h1:fxVm/GzAzEWqLHuvctI91KS9hhNmmWOoWu0XTYJS7CA=
gopkg.in/yaml.v3 v3.0.1/go.mod h1:K4uyk7z7BCEPqu6E+C64Yfv1cQ7kz7rIZviUmN+EgEM=
